
Microsoft Visual Studio Solution File, Format Version 12.00
# Visual Studio Version 16
VisualStudioVersion = 16.0.30516.212
MinimumVisualStudioVersion = 15.0.26124.0
Project("{9A19103F-16F7-4668-BE54-9A1E7A4F7556}") = "PizzeriaNET.API", "PizzeriaNET.API\PizzeriaNET.API.csproj", "{25280693-9BF1-4D86-A1E7-31769D84F4EF}"
EndProject
Project("{9A19103F-16F7-4668-BE54-9A1E7A4F7556}") = "PizzeriaNET.Client.Core", "PizzeriaNET.Client.Core\PizzeriaNET.Client.Core.csproj", "{E739D3F2-EC7B-4179-A8E8-69E77ACDA4D4}"
EndProject
Project("{9A19103F-16F7-4668-BE54-9A1E7A4F7556}") = "PizzeriaNET.Client.WinForms", "PizzeriaNET.Client.WinForms\PizzeriaNET.Client.WinForms.csproj", "{0B66D1E0-D752-4671-B29C-A5785BE58497}"
EndProject
Project("{FAE04EC0-301F-11D3-BF4B-00C04F79EFBC}") = "PizzeriaNET.Client.Web", "PizzeriaNET.Client.Web\PizzeriaNET.Client.Web.csproj", "{00058801-72E6-44E2-AC9F-CC4A42F8E96A}"
EndProject
Global
	GlobalSection(SolutionConfigurationPlatforms) = preSolution
		Debug|Any CPU = Debug|Any CPU
		Debug|x64 = Debug|x64
		Debug|x86 = Debug|x86
		Release|Any CPU = Release|Any CPU
		Release|x64 = Release|x64
		Release|x86 = Release|x86
	EndGlobalSection
	GlobalSection(ProjectConfigurationPlatforms) = postSolution
		{25280693-9BF1-4D86-A1E7-31769D84F4EF}.Debug|Any CPU.ActiveCfg = Debug|Any CPU
		{25280693-9BF1-4D86-A1E7-31769D84F4EF}.Debug|Any CPU.Build.0 = Debug|Any CPU
		{25280693-9BF1-4D86-A1E7-31769D84F4EF}.Debug|x64.ActiveCfg = Debug|Any CPU
		{25280693-9BF1-4D86-A1E7-31769D84F4EF}.Debug|x64.Build.0 = Debug|Any CPU
		{25280693-9BF1-4D86-A1E7-31769D84F4EF}.Debug|x86.ActiveCfg = Debug|Any CPU
		{25280693-9BF1-4D86-A1E7-31769D84F4EF}.Debug|x86.Build.0 = Debug|Any CPU
		{25280693-9BF1-4D86-A1E7-31769D84F4EF}.Release|Any CPU.ActiveCfg = Release|Any CPU
		{25280693-9BF1-4D86-A1E7-31769D84F4EF}.Release|Any CPU.Build.0 = Release|Any CPU
		{25280693-9BF1-4D86-A1E7-31769D84F4EF}.Release|x64.ActiveCfg = Release|Any CPU
		{25280693-9BF1-4D86-A1E7-31769D84F4EF}.Release|x64.Build.0 = Release|Any CPU
		{25280693-9BF1-4D86-A1E7-31769D84F4EF}.Release|x86.ActiveCfg = Release|Any CPU
		{25280693-9BF1-4D86-A1E7-31769D84F4EF}.Release|x86.Build.0 = Release|Any CPU
		{E739D3F2-EC7B-4179-A8E8-69E77ACDA4D4}.Debug|Any CPU.ActiveCfg = Debug|Any CPU
		{E739D3F2-EC7B-4179-A8E8-69E77ACDA4D4}.Debug|Any CPU.Build.0 = Debug|Any CPU
		{E739D3F2-EC7B-4179-A8E8-69E77ACDA4D4}.Debug|x64.ActiveCfg = Debug|Any CPU
		{E739D3F2-EC7B-4179-A8E8-69E77ACDA4D4}.Debug|x64.Build.0 = Debug|Any CPU
		{E739D3F2-EC7B-4179-A8E8-69E77ACDA4D4}.Debug|x86.ActiveCfg = Debug|Any CPU
		{E739D3F2-EC7B-4179-A8E8-69E77ACDA4D4}.Debug|x86.Build.0 = Debug|Any CPU
		{E739D3F2-EC7B-4179-A8E8-69E77ACDA4D4}.Release|Any CPU.ActiveCfg = Release|Any CPU
		{E739D3F2-EC7B-4179-A8E8-69E77ACDA4D4}.Release|Any CPU.Build.0 = Release|Any CPU
		{E739D3F2-EC7B-4179-A8E8-69E77ACDA4D4}.Release|x64.ActiveCfg = Release|Any CPU
		{E739D3F2-EC7B-4179-A8E8-69E77ACDA4D4}.Release|x64.Build.0 = Release|Any CPU
		{E739D3F2-EC7B-4179-A8E8-69E77ACDA4D4}.Release|x86.ActiveCfg = Release|Any CPU
		{E739D3F2-EC7B-4179-A8E8-69E77ACDA4D4}.Release|x86.Build.0 = Release|Any CPU
		{0B66D1E0-D752-4671-B29C-A5785BE58497}.Debug|Any CPU.ActiveCfg = Debug|Any CPU
		{0B66D1E0-D752-4671-B29C-A5785BE58497}.Debug|Any CPU.Build.0 = Debug|Any CPU
		{0B66D1E0-D752-4671-B29C-A5785BE58497}.Debug|x64.ActiveCfg = Debug|Any CPU
		{0B66D1E0-D752-4671-B29C-A5785BE58497}.Debug|x64.Build.0 = Debug|Any CPU
		{0B66D1E0-D752-4671-B29C-A5785BE58497}.Debug|x86.ActiveCfg = Debug|Any CPU
		{0B66D1E0-D752-4671-B29C-A5785BE58497}.Debug|x86.Build.0 = Debug|Any CPU
		{0B66D1E0-D752-4671-B29C-A5785BE58497}.Release|Any CPU.ActiveCfg = Release|Any CPU
		{0B66D1E0-D752-4671-B29C-A5785BE58497}.Release|Any CPU.Build.0 = Release|Any CPU
		{0B66D1E0-D752-4671-B29C-A5785BE58497}.Release|x64.ActiveCfg = Release|Any CPU
		{0B66D1E0-D752-4671-B29C-A5785BE58497}.Release|x64.Build.0 = Release|Any CPU
		{0B66D1E0-D752-4671-B29C-A5785BE58497}.Release|x86.ActiveCfg = Release|Any CPU
		{0B66D1E0-D752-4671-B29C-A5785BE58497}.Release|x86.Build.0 = Release|Any CPU
		{00058801-72E6-44E2-AC9F-CC4A42F8E96A}.Debug|Any CPU.ActiveCfg = Debug|Any CPU
		{00058801-72E6-44E2-AC9F-CC4A42F8E96A}.Debug|Any CPU.Build.0 = Debug|Any CPU
		{00058801-72E6-44E2-AC9F-CC4A42F8E96A}.Debug|x64.ActiveCfg = Debug|Any CPU
		{00058801-72E6-44E2-AC9F-CC4A42F8E96A}.Debug|x64.Build.0 = Debug|Any CPU
		{00058801-72E6-44E2-AC9F-CC4A42F8E96A}.Debug|x86.ActiveCfg = Debug|Any CPU
		{00058801-72E6-44E2-AC9F-CC4A42F8E96A}.Debug|x86.Build.0 = Debug|Any CPU
		{00058801-72E6-44E2-AC9F-CC4A42F8E96A}.Release|Any CPU.ActiveCfg = Release|Any CPU
		{00058801-72E6-44E2-AC9F-CC4A42F8E96A}.Release|Any CPU.Build.0 = Release|Any CPU
		{00058801-72E6-44E2-AC9F-CC4A42F8E96A}.Release|x64.ActiveCfg = Release|Any CPU
		{00058801-72E6-44E2-AC9F-CC4A42F8E96A}.Release|x64.Build.0 = Release|Any CPU
		{00058801-72E6-44E2-AC9F-CC4A42F8E96A}.Release|x86.ActiveCfg = Release|Any CPU
		{00058801-72E6-44E2-AC9F-CC4A42F8E96A}.Release|x86.Build.0 = Release|Any CPU
	EndGlobalSection
	GlobalSection(SolutionProperties) = preSolution
		HideSolutionNode = FALSE
	EndGlobalSection
	GlobalSection(ExtensibilityGlobals) = postSolution
		SolutionGuid = {1531D799-FD98-4961-9A29-E6862674BEA8}
	EndGlobalSection
EndGlobal
